
Microsoft Visual Studio Solution File, Format Version 12.00
# Visual Studio Version 17
VisualStudioVersion = 17.8.34525.116
MinimumVisualStudioVersion = 10.0.40219.1
Project("{FAE04EC0-301F-11D3-BF4B-00C04F79EFBC}") = "ejemplo7", "ejemplo7\ejemplo7.csproj", "{5E139C87-677F-4B20-89B1-E0410D0722CB}"
EndProject
Global
	GlobalSection(SolutionConfigurationPlatforms) = preSolution
		Debug|Any CPU = Debug|Any CPU
		Release|Any CPU = Release|Any CPU
	EndGlobalSection
	GlobalSection(ProjectConfigurationPlatforms) = postSolution
		{5E139C87-677F-4B20-89B1-E0410D0722CB}.Debug|Any CPU.ActiveCfg = Debug|Any CPU
		{5E139C87-677F-4B20-89B1-E0410D0722CB}.Debug|Any CPU.Build.0 = Debug|Any CPU
		{5E139C87-677F-4B20-89B1-E0410D0722CB}.Release|Any CPU.ActiveCfg = Release|Any CPU
		{5E139C87-677F-4B20-89B1-E0410D0722CB}.Release|Any CPU.Build.0 = Release|Any CPU
	EndGlobalSection
	GlobalSection(SolutionProperties) = preSolution
		HideSolutionNode = FALSE
	EndGlobalSection
	GlobalSection(ExtensibilityGlobals) = postSolution
		SolutionGuid = {3B158C44-1E81-4492-B2C9-277146C447F2}
	EndGlobalSection
EndGlobal
