
Microsoft Visual Studio Solution File, Format Version 12.00
# Visual Studio Version 17
VisualStudioVersion = 17.8.34525.116
MinimumVisualStudioVersion = 10.0.40219.1
Project("{FAE04EC0-301F-11D3-BF4B-00C04F79EFBC}") = "Ejemplo6", "Ejemplo6\Ejemplo6.csproj", "{C8834C15-8E12-4DAF-A581-F9EC29C0ECCB}"
EndProject
Global
	GlobalSection(SolutionConfigurationPlatforms) = preSolution
		Debug|Any CPU = Debug|Any CPU
		Release|Any CPU = Release|Any CPU
	EndGlobalSection
	GlobalSection(ProjectConfigurationPlatforms) = postSolution
		{C8834C15-8E12-4DAF-A581-F9EC29C0ECCB}.Debug|Any CPU.ActiveCfg = Debug|Any CPU
		{C8834C15-8E12-4DAF-A581-F9EC29C0ECCB}.Debug|Any CPU.Build.0 = Debug|Any CPU
		{C8834C15-8E12-4DAF-A581-F9EC29C0ECCB}.Release|Any CPU.ActiveCfg = Release|Any CPU
		{C8834C15-8E12-4DAF-A581-F9EC29C0ECCB}.Release|Any CPU.Build.0 = Release|Any CPU
	EndGlobalSection
	GlobalSection(SolutionProperties) = preSolution
		HideSolutionNode = FALSE
	EndGlobalSection
	GlobalSection(ExtensibilityGlobals) = postSolution
		SolutionGuid = {31EC0160-9EF8-4427-94E2-BA5D364F6E54}
	EndGlobalSection
EndGlobal
